// !$*UTF8*$!
{
	archiveVersion = 1;
	classes = {
	};
	objectVersion = 46;
	objects = {

/* Begin PBXBuildFile section */
		2102358D1CD71A1500077067 /* LearnViewController.swift in Sources */ = {isa = PBXBuildFile; fileRef = 2102358C1CD71A1500077067 /* LearnViewController.swift */; };
		212213FC1CF9E32C004F7763 /* Alamofire.framework in Frameworks */ = {isa = PBXBuildFile; fileRef = 212213EF1CF9E2E8004F7763 /* Alamofire.framework */; };
		212213FD1CF9E32C004F7763 /* Alamofire.framework in Embed Frameworks */ = {isa = PBXBuildFile; fileRef = 212213EF1CF9E2E8004F7763 /* Alamofire.framework */; settings = {ATTRIBUTES = (CodeSignOnCopy, RemoveHeadersOnCopy, ); }; };
		212214021CF9E48A004F7763 /* DesignerNewsService.swift in Sources */ = {isa = PBXBuildFile; fileRef = 212214011CF9E48A004F7763 /* DesignerNewsService.swift */; };
		212923CC1CEB65DA005CBCAE /* CommentsTableViewController.swift in Sources */ = {isa = PBXBuildFile; fileRef = 212923CB1CEB65DA005CBCAE /* CommentsTableViewController.swift */; };
		2132C1D41CF495F8006FC567 /* TPKeyboardAvoidingCollectionView.m in Sources */ = {isa = PBXBuildFile; fileRef = 2132C1CD1CF495F8006FC567 /* TPKeyboardAvoidingCollectionView.m */; };
		2132C1D51CF495F8006FC567 /* TPKeyboardAvoidingScrollView.m in Sources */ = {isa = PBXBuildFile; fileRef = 2132C1CF1CF495F8006FC567 /* TPKeyboardAvoidingScrollView.m */; };
		2132C1D61CF495F8006FC567 /* TPKeyboardAvoidingTableView.m in Sources */ = {isa = PBXBuildFile; fileRef = 2132C1D11CF495F8006FC567 /* TPKeyboardAvoidingTableView.m */; };
		2132C1D71CF495F8006FC567 /* UIScrollView+TPKeyboardAvoidingAdditions.m in Sources */ = {isa = PBXBuildFile; fileRef = 2132C1D31CF495F8006FC567 /* UIScrollView+TPKeyboardAvoidingAdditions.m */; };
		213322011CD245B300463AB2 /* LoginViewController.swift in Sources */ = {isa = PBXBuildFile; fileRef = 213322001CD245B300463AB2 /* LoginViewController.swift */; };
		2138AE621CE219A900270757 /* StoryTableViewCell.swift in Sources */ = {isa = PBXBuildFile; fileRef = 2138AE611CE219A900270757 /* StoryTableViewCell.swift */; };
		21573CA31CE0CEDD00EC5C2A /* StoriesTableViewController.swift in Sources */ = {isa = PBXBuildFile; fileRef = 21573CA21CE0CEDD00EC5C2A /* StoriesTableViewController.swift */; };
		21573CA51CE0D86800EC5C2A /* WebViewController.swift in Sources */ = {isa = PBXBuildFile; fileRef = 21573CA41CE0D86800EC5C2A /* WebViewController.swift */; };
		21573CA71CE0D88A00EC5C2A /* MenuViewController.swift in Sources */ = {isa = PBXBuildFile; fileRef = 21573CA61CE0D88A00EC5C2A /* MenuViewController.swift */; };
		2159C1361CE3702E009E0969 /* Data.swift in Sources */ = {isa = PBXBuildFile; fileRef = 2159C1351CE3702E009E0969 /* Data.swift */; };
		218621F81CCE55CB00DD0532 /* AsyncButton.swift in Sources */ = {isa = PBXBuildFile; fileRef = 218621DA1CCE55CB00DD0532 /* AsyncButton.swift */; };
		218621F91CCE55CB00DD0532 /* AsyncImageView.swift in Sources */ = {isa = PBXBuildFile; fileRef = 218621DB1CCE55CB00DD0532 /* AsyncImageView.swift */; };
		218621FA1CCE55CB00DD0532 /* AutoTextView.swift in Sources */ = {isa = PBXBuildFile; fileRef = 218621DC1CCE55CB00DD0532 /* AutoTextView.swift */; };
		218621FB1CCE55CB00DD0532 /* BlurView.swift in Sources */ = {isa = PBXBuildFile; fileRef = 218621DD1CCE55CB00DD0532 /* BlurView.swift */; };
		218621FC1CCE55CB00DD0532 /* DesignableButton.swift in Sources */ = {isa = PBXBuildFile; fileRef = 218621DE1CCE55CB00DD0532 /* DesignableButton.swift */; };
		218621FD1CCE55CB00DD0532 /* DesignableImageView.swift in Sources */ = {isa = PBXBuildFile; fileRef = 218621DF1CCE55CB00DD0532 /* DesignableImageView.swift */; };
		218621FE1CCE55CB00DD0532 /* DesignableLabel.swift in Sources */ = {isa = PBXBuildFile; fileRef = 218621E01CCE55CB00DD0532 /* DesignableLabel.swift */; };
		218621FF1CCE55CB00DD0532 /* DesignableTabBarController.swift in Sources */ = {isa = PBXBuildFile; fileRef = 218621E11CCE55CB00DD0532 /* DesignableTabBarController.swift */; };
		218622001CCE55CB00DD0532 /* DesignableTextField.swift in Sources */ = {isa = PBXBuildFile; fileRef = 218621E21CCE55CB00DD0532 /* DesignableTextField.swift */; };
		218622011CCE55CB00DD0532 /* DesignableTextView.swift in Sources */ = {isa = PBXBuildFile; fileRef = 218621E31CCE55CB00DD0532 /* DesignableTextView.swift */; };
		218622021CCE55CB00DD0532 /* DesignableView.swift in Sources */ = {isa = PBXBuildFile; fileRef = 218621E41CCE55CB00DD0532 /* DesignableView.swift */; };
		218622031CCE55CB00DD0532 /* ImageLoader.swift in Sources */ = {isa = PBXBuildFile; fileRef = 218621E51CCE55CB00DD0532 /* ImageLoader.swift */; };
		218622041CCE55CB00DD0532 /* Info.plist in Resources */ = {isa = PBXBuildFile; fileRef = 218621E61CCE55CB00DD0532 /* Info.plist */; };
		218622051CCE55CB00DD0532 /* KeyboardLayoutConstraint.swift in Sources */ = {isa = PBXBuildFile; fileRef = 218621E71CCE55CB00DD0532 /* KeyboardLayoutConstraint.swift */; };
		218622061CCE55CB00DD0532 /* LoadingView.swift in Sources */ = {isa = PBXBuildFile; fileRef = 218621E81CCE55CB00DD0532 /* LoadingView.swift */; };
		218622071CCE55CB00DD0532 /* LoadingView.xib in Resources */ = {isa = PBXBuildFile; fileRef = 218621E91CCE55CB00DD0532 /* LoadingView.xib */; };
		218622081CCE55CB00DD0532 /* Misc.swift in Sources */ = {isa = PBXBuildFile; fileRef = 218621EA1CCE55CB00DD0532 /* Misc.swift */; };
		218622091CCE55CB00DD0532 /* SoundPlayer.swift in Sources */ = {isa = PBXBuildFile; fileRef = 218621EB1CCE55CB00DD0532 /* SoundPlayer.swift */; };
		2186220A1CCE55CB00DD0532 /* Spring.swift in Sources */ = {isa = PBXBuildFile; fileRef = 218621ED1CCE55CB00DD0532 /* Spring.swift */; };
		2186220B1CCE55CB00DD0532 /* SpringAnimation.swift in Sources */ = {isa = PBXBuildFile; fileRef = 218621EE1CCE55CB00DD0532 /* SpringAnimation.swift */; };
		2186220C1CCE55CB00DD0532 /* SpringButton.swift in Sources */ = {isa = PBXBuildFile; fileRef = 218621EF1CCE55CB00DD0532 /* SpringButton.swift */; };
		2186220D1CCE55CB00DD0532 /* SpringImageView.swift in Sources */ = {isa = PBXBuildFile; fileRef = 218621F01CCE55CB00DD0532 /* SpringImageView.swift */; };
		2186220E1CCE55CB00DD0532 /* SpringLabel.swift in Sources */ = {isa = PBXBuildFile; fileRef = 218621F11CCE55CB00DD0532 /* SpringLabel.swift */; };
		2186220F1CCE55CB00DD0532 /* SpringTextField.swift in Sources */ = {isa = PBXBuildFile; fileRef = 218621F21CCE55CB00DD0532 /* SpringTextField.swift */; };
		218622101CCE55CB00DD0532 /* SpringTextView.swift in Sources */ = {isa = PBXBuildFile; fileRef = 218621F31CCE55CB00DD0532 /* SpringTextView.swift */; };
		218622111CCE55CB00DD0532 /* SpringView.swift in Sources */ = {isa = PBXBuildFile; fileRef = 218621F41CCE55CB00DD0532 /* SpringView.swift */; };
		218622121CCE55CB00DD0532 /* TransitionManager.swift in Sources */ = {isa = PBXBuildFile; fileRef = 218621F51CCE55CB00DD0532 /* TransitionManager.swift */; };
		218622131CCE55CB00DD0532 /* TransitionZoom.swift in Sources */ = {isa = PBXBuildFile; fileRef = 218621F61CCE55CB00DD0532 /* TransitionZoom.swift */; };
		218622141CCE55CB00DD0532 /* UnwindSegue.swift in Sources */ = {isa = PBXBuildFile; fileRef = 218621F71CCE55CB00DD0532 /* UnwindSegue.swift */; };
		219143A81CCCCD9700288901 /* AppDelegate.swift in Sources */ = {isa = PBXBuildFile; fileRef = 219143A71CCCCD9700288901 /* AppDelegate.swift */; };
		219143AD1CCCCD9700288901 /* Main.storyboard in Resources */ = {isa = PBXBuildFile; fileRef = 219143AB1CCCCD9700288901 /* Main.storyboard */; };
		219143B01CCCCD9700288901 /* DesignersNews.xcdatamodeld in Sources */ = {isa = PBXBuildFile; fileRef = 219143AE1CCCCD9700288901 /* DesignersNews.xcdatamodeld */; };
		219143B21CCCCD9700288901 /* Assets.xcassets in Resources */ = {isa = PBXBuildFile; fileRef = 219143B11CCCCD9700288901 /* Assets.xcassets */; };
		219143B51CCCCD9700288901 /* LaunchScreen.storyboard in Resources */ = {isa = PBXBuildFile; fileRef = 219143B31CCCCD9700288901 /* LaunchScreen.storyboard */; };
		219143C01CCCCD9700288901 /* DesignersNewsTests.swift in Sources */ = {isa = PBXBuildFile; fileRef = 219143BF1CCCCD9700288901 /* DesignersNewsTests.swift */; };
		219143CB1CCCCD9700288901 /* DesignersNewsUITests.swift in Sources */ = {isa = PBXBuildFile; fileRef = 219143CA1CCCCD9700288901 /* DesignersNewsUITests.swift */; };
		21C2EE2B1CECB06C00AC4185 /* SwiftyJSON.swift in Sources */ = {isa = PBXBuildFile; fileRef = 21C2EE2A1CECB06C00AC4185 /* SwiftyJSON.swift */; };
		21C2EE2D1CECB4A800AC4185 /* CommentTableViewCell.swift in Sources */ = {isa = PBXBuildFile; fileRef = 21C2EE2C1CECB4A800AC4185 /* CommentTableViewCell.swift */; };
		21F242761CFDD1AE0025F8CB /* LocalStore.swift in Sources */ = {isa = PBXBuildFile; fileRef = 21F242751CFDD1AE0025F8CB /* LocalStore.swift */; };
/* End PBXBuildFile section */

/* Begin PBXContainerItemProxy section */
		212213EE1CF9E2E8004F7763 /* PBXContainerItemProxy */ = {
			isa = PBXContainerItemProxy;
			containerPortal = 212213E41CF9E2E8004F7763 /* Alamofire.xcodeproj */;
			proxyType = 2;
			remoteGlobalIDString = F8111E3319A95C8B0040E7D1;
			remoteInfo = "Alamofire iOS";
		};
		212213F01CF9E2E8004F7763 /* PBXContainerItemProxy */ = {
			isa = PBXContainerItemProxy;
			containerPortal = 212213E41CF9E2E8004F7763 /* Alamofire.xcodeproj */;
			proxyType = 2;
			remoteGlobalIDString = F8111E3E19A95C8B0040E7D1;
			remoteInfo = "Alamofire iOS Tests";
		};
		212213F21CF9E2E8004F7763 /* PBXContainerItemProxy */ = {
			isa = PBXContainerItemProxy;
			containerPortal = 212213E41CF9E2E8004F7763 /* Alamofire.xcodeproj */;
			proxyType = 2;
			remoteGlobalIDString = 4DD67C0B1A5C55C900ED2280;
			remoteInfo = "Alamofire OSX";
		};
		212213F41CF9E2E8004F7763 /* PBXContainerItemProxy */ = {
			isa = PBXContainerItemProxy;
			containerPortal = 212213E41CF9E2E8004F7763 /* Alamofire.xcodeproj */;
			proxyType = 2;
			remoteGlobalIDString = F829C6B21A7A94F100A2CD59;
			remoteInfo = "Alamofire OSX Tests";
		};
		212213F61CF9E2E8004F7763 /* PBXContainerItemProxy */ = {
			isa = PBXContainerItemProxy;
			containerPortal = 212213E41CF9E2E8004F7763 /* Alamofire.xcodeproj */;
			proxyType = 2;
			remoteGlobalIDString = 4CF626EF1BA7CB3E0011A099;
			remoteInfo = "Alamofire tvOS";
		};
		212213F81CF9E2E8004F7763 /* PBXContainerItemProxy */ = {
			isa = PBXContainerItemProxy;
			containerPortal = 212213E41CF9E2E8004F7763 /* Alamofire.xcodeproj */;
			proxyType = 2;
			remoteGlobalIDString = 4CF626F81BA7CB3E0011A099;
			remoteInfo = "Alamofire tvOS Tests";
		};
		212213FA1CF9E2E8004F7763 /* PBXContainerItemProxy */ = {
			isa = PBXContainerItemProxy;
			containerPortal = 212213E41CF9E2E8004F7763 /* Alamofire.xcodeproj */;
			proxyType = 2;
			remoteGlobalIDString = E4202FE01B667AA100C997FB;
			remoteInfo = "Alamofire watchOS";
		};
		212213FE1CF9E32C004F7763 /* PBXContainerItemProxy */ = {
			isa = PBXContainerItemProxy;
			containerPortal = 212213E41CF9E2E8004F7763 /* Alamofire.xcodeproj */;
			proxyType = 1;
			remoteGlobalIDString = F8111E3219A95C8B0040E7D1;
			remoteInfo = "Alamofire iOS";
		};
		219143BC1CCCCD9700288901 /* PBXContainerItemProxy */ = {
			isa = PBXContainerItemProxy;
			containerPortal = 2191439C1CCCCD9700288901 /* Project object */;
			proxyType = 1;
			remoteGlobalIDString = 219143A31CCCCD9700288901;
			remoteInfo = DesignersNews;
		};
		219143C71CCCCD9700288901 /* PBXContainerItemProxy */ = {
			isa = PBXContainerItemProxy;
			containerPortal = 2191439C1CCCCD9700288901 /* Project object */;
			proxyType = 1;
			remoteGlobalIDString = 219143A31CCCCD9700288901;
			remoteInfo = DesignersNews;
		};
/* End PBXContainerItemProxy section */

/* Begin PBXCopyFilesBuildPhase section */
		212214001CF9E32D004F7763 /* Embed Frameworks */ = {
			isa = PBXCopyFilesBuildPhase;
			buildActionMask = 2147483647;
			dstPath = "";
			dstSubfolderSpec = 10;
			files = (
				212213FD1CF9E32C004F7763 /* Alamofire.framework in Embed Frameworks */,
			);
			name = "Embed Frameworks";
			runOnlyForDeploymentPostprocessing = 0;
		};
/* End PBXCopyFilesBuildPhase section */

/* Begin PBXFileReference section */
		2102358C1CD71A1500077067 /* LearnViewController.swift */ = {isa = PBXFileReference; fileEncoding = 4; lastKnownFileType = sourcecode.swift; path = LearnViewController.swift; sourceTree = "<group>"; };
		212213E41CF9E2E8004F7763 /* Alamofire.xcodeproj */ = {isa = PBXFileReference; lastKnownFileType = "wrapper.pb-project"; name = Alamofire.xcodeproj; path = "Alamofire-master/Alamofire.xcodeproj"; sourceTree = "<group>"; };
		212214011CF9E48A004F7763 /* DesignerNewsService.swift */ = {isa = PBXFileReference; fileEncoding = 4; lastKnownFileType = sourcecode.swift; path = DesignerNewsService.swift; sourceTree = "<group>"; };
		212923CB1CEB65DA005CBCAE /* CommentsTableViewController.swift */ = {isa = PBXFileReference; fileEncoding = 4; lastKnownFileType = sourcecode.swift; path = CommentsTableViewController.swift; sourceTree = "<group>"; };
		2132C1CC1CF495F8006FC567 /* TPKeyboardAvoidingCollectionView.h */ = {isa = PBXFileReference; fileEncoding = 4; lastKnownFileType = sourcecode.c.h; path = TPKeyboardAvoidingCollectionView.h; sourceTree = "<group>"; };
		2132C1CD1CF495F8006FC567 /* TPKeyboardAvoidingCollectionView.m */ = {isa = PBXFileReference; fileEncoding = 4; lastKnownFileType = sourcecode.c.objc; path = TPKeyboardAvoidingCollectionView.m; sourceTree = "<group>"; };
		2132C1CE1CF495F8006FC567 /* TPKeyboardAvoidingScrollView.h */ = {isa = PBXFileReference; fileEncoding = 4; lastKnownFileType = sourcecode.c.h; path = TPKeyboardAvoidingScrollView.h; sourceTree = "<group>"; };
		2132C1CF1CF495F8006FC567 /* TPKeyboardAvoidingScrollView.m */ = {isa = PBXFileReference; fileEncoding = 4; lastKnownFileType = sourcecode.c.objc; path = TPKeyboardAvoidingScrollView.m; sourceTree = "<group>"; };
		2132C1D01CF495F8006FC567 /* TPKeyboardAvoidingTableView.h */ = {isa = PBXFileReference; fileEncoding = 4; lastKnownFileType = sourcecode.c.h; path = TPKeyboardAvoidingTableView.h; sourceTree = "<group>"; };
		2132C1D11CF495F8006FC567 /* TPKeyboardAvoidingTableView.m */ = {isa = PBXFileReference; fileEncoding = 4; lastKnownFileType = sourcecode.c.objc; path = TPKeyboardAvoidingTableView.m; sourceTree = "<group>"; };
		2132C1D21CF495F8006FC567 /* UIScrollView+TPKeyboardAvoidingAdditions.h */ = {isa = PBXFileReference; fileEncoding = 4; lastKnownFileType = sourcecode.c.h; path = "UIScrollView+TPKeyboardAvoidingAdditions.h"; sourceTree = "<group>"; };
		2132C1D31CF495F8006FC567 /* UIScrollView+TPKeyboardAvoidingAdditions.m */ = {isa = PBXFileReference; fileEncoding = 4; lastKnownFileType = sourcecode.c.objc; path = "UIScrollView+TPKeyboardAvoidingAdditions.m"; sourceTree = "<group>"; };
		213322001CD245B300463AB2 /* LoginViewController.swift */ = {isa = PBXFileReference; fileEncoding = 4; lastKnownFileType = sourcecode.swift; path = LoginViewController.swift; sourceTree = "<group>"; };
		2138AE611CE219A900270757 /* StoryTableViewCell.swift */ = {isa = PBXFileReference; fileEncoding = 4; lastKnownFileType = sourcecode.swift; path = StoryTableViewCell.swift; sourceTree = "<group>"; };
		21573CA21CE0CEDD00EC5C2A /* StoriesTableViewController.swift */ = {isa = PBXFileReference; fileEncoding = 4; lastKnownFileType = sourcecode.swift; path = StoriesTableViewController.swift; sourceTree = "<group>"; };
		21573CA41CE0D86800EC5C2A /* WebViewController.swift */ = {isa = PBXFileReference; fileEncoding = 4; lastKnownFileType = sourcecode.swift; path = WebViewController.swift; sourceTree = "<group>"; };
		21573CA61CE0D88A00EC5C2A /* MenuViewController.swift */ = {isa = PBXFileReference; fileEncoding = 4; lastKnownFileType = sourcecode.swift; path = MenuViewController.swift; sourceTree = "<group>"; };
		2159C1351CE3702E009E0969 /* Data.swift */ = {isa = PBXFileReference; fileEncoding = 4; lastKnownFileType = sourcecode.swift; path = Data.swift; sourceTree = "<group>"; };
		218621DA1CCE55CB00DD0532 /* AsyncButton.swift */ = {isa = PBXFileReference; fileEncoding = 4; lastKnownFileType = sourcecode.swift; path = AsyncButton.swift; sourceTree = "<group>"; };
		218621DB1CCE55CB00DD0532 /* AsyncImageView.swift */ = {isa = PBXFileReference; fileEncoding = 4; lastKnownFileType = sourcecode.swift; path = AsyncImageView.swift; sourceTree = "<group>"; };
		218621DC1CCE55CB00DD0532 /* AutoTextView.swift */ = {isa = PBXFileReference; fileEncoding = 4; lastKnownFileType = sourcecode.swift; path = AutoTextView.swift; sourceTree = "<group>"; };
		218621DD1CCE55CB00DD0532 /* BlurView.swift */ = {isa = PBXFileReference; fileEncoding = 4; lastKnownFileType = sourcecode.swift; path = BlurView.swift; sourceTree = "<group>"; };
		218621DE1CCE55CB00DD0532 /* DesignableButton.swift */ = {isa = PBXFileReference; fileEncoding = 4; lastKnownFileType = sourcecode.swift; path = DesignableButton.swift; sourceTree = "<group>"; };
		218621DF1CCE55CB00DD0532 /* DesignableImageView.swift */ = {isa = PBXFileReference; fileEncoding = 4; lastKnownFileType = sourcecode.swift; path = DesignableImageView.swift; sourceTree = "<group>"; };
		218621E01CCE55CB00DD0532 /* DesignableLabel.swift */ = {isa = PBXFileReference; fileEncoding = 4; lastKnownFileType = sourcecode.swift; path = DesignableLabel.swift; sourceTree = "<group>"; };
		218621E11CCE55CB00DD0532 /* DesignableTabBarController.swift */ = {isa = PBXFileReference; fileEncoding = 4; lastKnownFileType = sourcecode.swift; path = DesignableTabBarController.swift; sourceTree = "<group>"; };
		218621E21CCE55CB00DD0532 /* DesignableTextField.swift */ = {isa = PBXFileReference; fileEncoding = 4; lastKnownFileType = sourcecode.swift; path = DesignableTextField.swift; sourceTree = "<group>"; };
		218621E31CCE55CB00DD0532 /* DesignableTextView.swift */ = {isa = PBXFileReference; fileEncoding = 4; lastKnownFileType = sourcecode.swift; path = DesignableTextView.swift; sourceTree = "<group>"; };
		218621E41CCE55CB00DD0532 /* DesignableView.swift */ = {isa = PBXFileReference; fileEncoding = 4; lastKnownFileType = sourcecode.swift; path = DesignableView.swift; sourceTree = "<group>"; };
		218621E51CCE55CB00DD0532 /* ImageLoader.swift */ = {isa = PBXFileReference; fileEncoding = 4; lastKnownFileType = sourcecode.swift; path = ImageLoader.swift; sourceTree = "<group>"; };
		218621E61CCE55CB00DD0532 /* Info.plist */ = {isa = PBXFileReference; fileEncoding = 4; lastKnownFileType = text.plist.xml; path = Info.plist; sourceTree = "<group>"; };
		218621E71CCE55CB00DD0532 /* KeyboardLayoutConstraint.swift */ = {isa = PBXFileReference; fileEncoding = 4; lastKnownFileType = sourcecode.swift; path = KeyboardLayoutConstraint.swift; sourceTree = "<group>"; };
		218621E81CCE55CB00DD0532 /* LoadingView.swift */ = {isa = PBXFileReference; fileEncoding = 4; lastKnownFileType = sourcecode.swift; path = LoadingView.swift; sourceTree = "<group>"; };
		218621E91CCE55CB00DD0532 /* LoadingView.xib */ = {isa = PBXFileReference; fileEncoding = 4; lastKnownFileType = file.xib; path = LoadingView.xib; sourceTree = "<group>"; };
		218621EA1CCE55CB00DD0532 /* Misc.swift */ = {isa = PBXFileReference; fileEncoding = 4; lastKnownFileType = sourcecode.swift; path = Misc.swift; sourceTree = "<group>"; };
		218621EB1CCE55CB00DD0532 /* SoundPlayer.swift */ = {isa = PBXFileReference; fileEncoding = 4; lastKnownFileType = sourcecode.swift; path = SoundPlayer.swift; sourceTree = "<group>"; };
		218621EC1CCE55CB00DD0532 /* Spring.h */ = {isa = PBXFileReference; fileEncoding = 4; lastKnownFileType = sourcecode.c.h; path = Spring.h; sourceTree = "<group>"; };
		218621ED1CCE55CB00DD0532 /* Spring.swift */ = {isa = PBXFileReference; fileEncoding = 4; lastKnownFileType = sourcecode.swift; path = Spring.swift; sourceTree = "<group>"; };
		218621EE1CCE55CB00DD0532 /* SpringAnimation.swift */ = {isa = PBXFileReference; fileEncoding = 4; lastKnownFileType = sourcecode.swift; path = SpringAnimation.swift; sourceTree = "<group>"; };
		218621EF1CCE55CB00DD0532 /* SpringButton.swift */ = {isa = PBXFileReference; fileEncoding = 4; lastKnownFileType = sourcecode.swift; path = SpringButton.swift; sourceTree = "<group>"; };
		218621F01CCE55CB00DD0532 /* SpringImageView.swift */ = {isa = PBXFileReference; fileEncoding = 4; lastKnownFileType = sourcecode.swift; path = SpringImageView.swift; sourceTree = "<group>"; };
		218621F11CCE55CB00DD0532 /* SpringLabel.swift */ = {isa = PBXFileReference; fileEncoding = 4; lastKnownFileType = sourcecode.swift; path = SpringLabel.swift; sourceTree = "<group>"; };
		218621F21CCE55CB00DD0532 /* SpringTextField.swift */ = {isa = PBXFileReference; fileEncoding = 4; lastKnownFileType = sourcecode.swift; path = SpringTextField.swift; sourceTree = "<group>"; };
		218621F31CCE55CB00DD0532 /* SpringTextView.swift */ = {isa = PBXFileReference; fileEncoding = 4; lastKnownFileType = sourcecode.swift; path = SpringTextView.swift; sourceTree = "<group>"; };
		218621F41CCE55CB00DD0532 /* SpringView.swift */ = {isa = PBXFileReference; fileEncoding = 4; lastKnownFileType = sourcecode.swift; path = SpringView.swift; sourceTree = "<group>"; };
		218621F51CCE55CB00DD0532 /* TransitionManager.swift */ = {isa = PBXFileReference; fileEncoding = 4; lastKnownFileType = sourcecode.swift; path = TransitionManager.swift; sourceTree = "<group>"; };
		218621F61CCE55CB00DD0532 /* TransitionZoom.swift */ = {isa = PBXFileReference; fileEncoding = 4; lastKnownFileType = sourcecode.swift; path = TransitionZoom.swift; sourceTree = "<group>"; };
		218621F71CCE55CB00DD0532 /* UnwindSegue.swift */ = {isa = PBXFileReference; fileEncoding = 4; lastKnownFileType = sourcecode.swift; path = UnwindSegue.swift; sourceTree = "<group>"; };
		219143A41CCCCD9700288901 /* DesignersNews.app */ = {isa = PBXFileReference; explicitFileType = wrapper.application; includeInIndex = 0; path = DesignersNews.app; sourceTree = BUILT_PRODUCTS_DIR; };
		219143A71CCCCD9700288901 /* AppDelegate.swift */ = {isa = PBXFileReference; lastKnownFileType = sourcecode.swift; path = AppDelegate.swift; sourceTree = "<group>"; };
		219143AC1CCCCD9700288901 /* Base */ = {isa = PBXFileReference; lastKnownFileType = file.storyboard; name = Base; path = Base.lproj/Main.storyboard; sourceTree = "<group>"; };
		219143AF1CCCCD9700288901 /* DesignersNews.xcdatamodel */ = {isa = PBXFileReference; lastKnownFileType = wrapper.xcdatamodel; path = DesignersNews.xcdatamodel; sourceTree = "<group>"; };
		219143B11CCCCD9700288901 /* Assets.xcassets */ = {isa = PBXFileReference; lastKnownFileType = folder.assetcatalog; path = Assets.xcassets; sourceTree = "<group>"; };
		219143B41CCCCD9700288901 /* Base */ = {isa = PBXFileReference; lastKnownFileType = file.storyboard; name = Base; path = Base.lproj/LaunchScreen.storyboard; sourceTree = "<group>"; };
		219143B61CCCCD9700288901 /* Info.plist */ = {isa = PBXFileReference; lastKnownFileType = text.plist.xml; path = Info.plist; sourceTree = "<group>"; };
		219143BB1CCCCD9700288901 /* DesignersNewsTests.xctest */ = {isa = PBXFileReference; explicitFileType = wrapper.cfbundle; includeInIndex = 0; path = DesignersNewsTests.xctest; sourceTree = BUILT_PRODUCTS_DIR; };
		219143BF1CCCCD9700288901 /* DesignersNewsTests.swift */ = {isa = PBXFileReference; lastKnownFileType = sourcecode.swift; path = DesignersNewsTests.swift; sourceTree = "<group>"; };
		219143C11CCCCD9700288901 /* Info.plist */ = {isa = PBXFileReference; lastKnownFileType = text.plist.xml; path = Info.plist; sourceTree = "<group>"; };
		219143C61CCCCD9700288901 /* DesignersNewsUITests.xctest */ = {isa = PBXFileReference; explicitFileType = wrapper.cfbundle; includeInIndex = 0; path = DesignersNewsUITests.xctest; sourceTree = BUILT_PRODUCTS_DIR; };
		219143CA1CCCCD9700288901 /* DesignersNewsUITests.swift */ = {isa = PBXFileReference; lastKnownFileType = sourcecode.swift; path = DesignersNewsUITests.swift; sourceTree = "<group>"; };
		219143CC1CCCCD9700288901 /* Info.plist */ = {isa = PBXFileReference; lastKnownFileType = text.plist.xml; path = Info.plist; sourceTree = "<group>"; };
		21C2EE2A1CECB06C00AC4185 /* SwiftyJSON.swift */ = {isa = PBXFileReference; fileEncoding = 4; lastKnownFileType = sourcecode.swift; path = SwiftyJSON.swift; sourceTree = "<group>"; };
		21C2EE2C1CECB4A800AC4185 /* CommentTableViewCell.swift */ = {isa = PBXFileReference; fileEncoding = 4; lastKnownFileType = sourcecode.swift; path = CommentTableViewCell.swift; sourceTree = "<group>"; };
		21F242751CFDD1AE0025F8CB /* LocalStore.swift */ = {isa = PBXFileReference; fileEncoding = 4; lastKnownFileType = sourcecode.swift; path = LocalStore.swift; sourceTree = "<group>"; };
/* End PBXFileReference section */

/* Begin PBXFrameworksBuildPhase section */
		219143A11CCCCD9700288901 /* Frameworks */ = {
			isa = PBXFrameworksBuildPhase;
			buildActionMask = 2147483647;
			files = (
				212213FC1CF9E32C004F7763 /* Alamofire.framework in Frameworks */,
			);
			runOnlyForDeploymentPostprocessing = 0;
		};
		219143B81CCCCD9700288901 /* Frameworks */ = {
			isa = PBXFrameworksBuildPhase;
			buildActionMask = 2147483647;
			files = (
			);
			runOnlyForDeploymentPostprocessing = 0;
		};
		219143C31CCCCD9700288901 /* Frameworks */ = {
			isa = PBXFrameworksBuildPhase;
			buildActionMask = 2147483647;
			files = (
			);
			runOnlyForDeploymentPostprocessing = 0;
		};
/* End PBXFrameworksBuildPhase section */

/* Begin PBXGroup section */
		212213E51CF9E2E8004F7763 /* Products */ = {
			isa = PBXGroup;
			children = (
				212213EF1CF9E2E8004F7763 /* Alamofire.framework */,
				212213F11CF9E2E8004F7763 /* Alamofire iOS Tests.xctest */,
				212213F31CF9E2E8004F7763 /* Alamofire.framework */,
				212213F51CF9E2E8004F7763 /* Alamofire OSX Tests.xctest */,
				212213F71CF9E2E8004F7763 /* Alamofire.framework */,
				212213F91CF9E2E8004F7763 /* Alamofire tvOS Tests.xctest */,
				212213FB1CF9E2E8004F7763 /* Alamofire.framework */,
			);
			name = Products;
			sourceTree = "<group>";
		};
		2132C1CB1CF495F8006FC567 /* TPKeyboardAvoiding */ = {
			isa = PBXGroup;
			children = (
				2132C1CC1CF495F8006FC567 /* TPKeyboardAvoidingCollectionView.h */,
				2132C1CD1CF495F8006FC567 /* TPKeyboardAvoidingCollectionView.m */,
				2132C1CE1CF495F8006FC567 /* TPKeyboardAvoidingScrollView.h */,
				2132C1CF1CF495F8006FC567 /* TPKeyboardAvoidingScrollView.m */,
				2132C1D01CF495F8006FC567 /* TPKeyboardAvoidingTableView.h */,
				2132C1D11CF495F8006FC567 /* TPKeyboardAvoidingTableView.m */,
				2132C1D21CF495F8006FC567 /* UIScrollView+TPKeyboardAvoidingAdditions.h */,
				2132C1D31CF495F8006FC567 /* UIScrollView+TPKeyboardAvoidingAdditions.m */,
			);
			name = TPKeyboardAvoiding;
			path = Spring/TPKeyboardAvoiding;
			sourceTree = "<group>";
		};
		218621D91CCE55CB00DD0532 /* Spring */ = {
			isa = PBXGroup;
			children = (
				218621DA1CCE55CB00DD0532 /* AsyncButton.swift */,
				218621DB1CCE55CB00DD0532 /* AsyncImageView.swift */,
				218621DC1CCE55CB00DD0532 /* AutoTextView.swift */,
				218621DD1CCE55CB00DD0532 /* BlurView.swift */,
				218621DE1CCE55CB00DD0532 /* DesignableButton.swift */,
				218621DF1CCE55CB00DD0532 /* DesignableImageView.swift */,
				218621E01CCE55CB00DD0532 /* DesignableLabel.swift */,
				218621E11CCE55CB00DD0532 /* DesignableTabBarController.swift */,
				218621E21CCE55CB00DD0532 /* DesignableTextField.swift */,
				218621E31CCE55CB00DD0532 /* DesignableTextView.swift */,
				218621E41CCE55CB00DD0532 /* DesignableView.swift */,
				218621E51CCE55CB00DD0532 /* ImageLoader.swift */,
				218621E61CCE55CB00DD0532 /* Info.plist */,
				218621E71CCE55CB00DD0532 /* KeyboardLayoutConstraint.swift */,
				218621E81CCE55CB00DD0532 /* LoadingView.swift */,
				218621E91CCE55CB00DD0532 /* LoadingView.xib */,
				218621EA1CCE55CB00DD0532 /* Misc.swift */,
				218621EB1CCE55CB00DD0532 /* SoundPlayer.swift */,
				218621EC1CCE55CB00DD0532 /* Spring.h */,
				218621ED1CCE55CB00DD0532 /* Spring.swift */,
				218621EE1CCE55CB00DD0532 /* SpringAnimation.swift */,
				218621EF1CCE55CB00DD0532 /* SpringButton.swift */,
				218621F01CCE55CB00DD0532 /* SpringImageView.swift */,
				218621F11CCE55CB00DD0532 /* SpringLabel.swift */,
				218621F21CCE55CB00DD0532 /* SpringTextField.swift */,
				218621F31CCE55CB00DD0532 /* SpringTextView.swift */,
				218621F41CCE55CB00DD0532 /* SpringView.swift */,
				218621F51CCE55CB00DD0532 /* TransitionManager.swift */,
				218621F61CCE55CB00DD0532 /* TransitionZoom.swift */,
				218621F71CCE55CB00DD0532 /* UnwindSegue.swift */,
			);
			path = Spring;
			sourceTree = "<group>";
		};
		2191439B1CCCCD9700288901 = {
			isa = PBXGroup;
			children = (
				219143A61CCCCD9700288901 /* DesignersNews */,
				219143BE1CCCCD9700288901 /* DesignersNewsTests */,
				219143C91CCCCD9700288901 /* DesignersNewsUITests */,
				219143A51CCCCD9700288901 /* Products */,
				212213E41CF9E2E8004F7763 /* Alamofire.xcodeproj */,
			);
			sourceTree = "<group>";
		};
		219143A51CCCCD9700288901 /* Products */ = {
			isa = PBXGroup;
			children = (
				219143A41CCCCD9700288901 /* DesignersNews.app */,
				219143BB1CCCCD9700288901 /* DesignersNewsTests.xctest */,
				219143C61CCCCD9700288901 /* DesignersNewsUITests.xctest */,
			);
			name = Products;
			sourceTree = "<group>";
		};
		219143A61CCCCD9700288901 /* DesignersNews */ = {
			isa = PBXGroup;
			children = (
				2132C1CB1CF495F8006FC567 /* TPKeyboardAvoiding */,
				218621D91CCE55CB00DD0532 /* Spring */,
				219143A71CCCCD9700288901 /* AppDelegate.swift */,
				21C2EE2A1CECB06C00AC4185 /* SwiftyJSON.swift */,
				21573CA21CE0CEDD00EC5C2A /* StoriesTableViewController.swift */,
				2138AE611CE219A900270757 /* StoryTableViewCell.swift */,
				212923CB1CEB65DA005CBCAE /* CommentsTableViewController.swift */,
				21C2EE2C1CECB4A800AC4185 /* CommentTableViewCell.swift */,
				213322001CD245B300463AB2 /* LoginViewController.swift */,
				21F242751CFDD1AE0025F8CB /* LocalStore.swift */,
				2102358C1CD71A1500077067 /* LearnViewController.swift */,
				21573CA61CE0D88A00EC5C2A /* MenuViewController.swift */,
				21573CA41CE0D86800EC5C2A /* WebViewController.swift */,
				2159C1351CE3702E009E0969 /* Data.swift */,
				212214011CF9E48A004F7763 /* DesignerNewsService.swift */,
				219143AB1CCCCD9700288901 /* Main.storyboard */,
				219143B11CCCCD9700288901 /* Assets.xcassets */,
				219143B31CCCCD9700288901 /* LaunchScreen.storyboard */,
				219143B61CCCCD9700288901 /* Info.plist */,
				219143AE1CCCCD9700288901 /* DesignersNews.xcdatamodeld */,
			);
			path = DesignersNews;
			sourceTree = "<group>";
		};
		219143BE1CCCCD9700288901 /* DesignersNewsTests */ = {
			isa = PBXGroup;
			children = (
				219143BF1CCCCD9700288901 /* DesignersNewsTests.swift */,
				219143C11CCCCD9700288901 /* Info.plist */,
			);
			path = DesignersNewsTests;
			sourceTree = "<group>";
		};
		219143C91CCCCD9700288901 /* DesignersNewsUITests */ = {
			isa = PBXGroup;
			children = (
				219143CA1CCCCD9700288901 /* DesignersNewsUITests.swift */,
				219143CC1CCCCD9700288901 /* Info.plist */,
			);
			path = DesignersNewsUITests;
			sourceTree = "<group>";
		};
/* End PBXGroup section */

/* Begin PBXNativeTarget section */
		219143A31CCCCD9700288901 /* DesignersNews */ = {
			isa = PBXNativeTarget;
			buildConfigurationList = 219143CF1CCCCD9700288901 /* Build configuration list for PBXNativeTarget "DesignersNews" */;
			buildPhases = (
				219143A01CCCCD9700288901 /* Sources */,
				219143A11CCCCD9700288901 /* Frameworks */,
				219143A21CCCCD9700288901 /* Resources */,
				212214001CF9E32D004F7763 /* Embed Frameworks */,
			);
			buildRules = (
			);
			dependencies = (
				212213FF1CF9E32C004F7763 /* PBXTargetDependency */,
			);
			name = DesignersNews;
			productName = DesignersNews;
			productReference = 219143A41CCCCD9700288901 /* DesignersNews.app */;
			productType = "com.apple.product-type.application";
		};
		219143BA1CCCCD9700288901 /* DesignersNewsTests */ = {
			isa = PBXNativeTarget;
			buildConfigurationList = 219143D21CCCCD9700288901 /* Build configuration list for PBXNativeTarget "DesignersNewsTests" */;
			buildPhases = (
				219143B71CCCCD9700288901 /* Sources */,
				219143B81CCCCD9700288901 /* Frameworks */,
				219143B91CCCCD9700288901 /* Resources */,
			);
			buildRules = (
			);
			dependencies = (
				219143BD1CCCCD9700288901 /* PBXTargetDependency */,
			);
			name = DesignersNewsTests;
			productName = DesignersNewsTests;
			productReference = 219143BB1CCCCD9700288901 /* DesignersNewsTests.xctest */;
			productType = "com.apple.product-type.bundle.unit-test";
		};
		219143C51CCCCD9700288901 /* DesignersNewsUITests */ = {
			isa = PBXNativeTarget;
			buildConfigurationList = 219143D51CCCCD9700288901 /* Build configuration list for PBXNativeTarget "DesignersNewsUITests" */;
			buildPhases = (
				219143C21CCCCD9700288901 /* Sources */,
				219143C31CCCCD9700288901 /* Frameworks */,
				219143C41CCCCD9700288901 /* Resources */,
			);
			buildRules = (
			);
			dependencies = (
				219143C81CCCCD9700288901 /* PBXTargetDependency */,
			);
			name = DesignersNewsUITests;
			productName = DesignersNewsUITests;
			productReference = 219143C61CCCCD9700288901 /* DesignersNewsUITests.xctest */;
			productType = "com.apple.product-type.bundle.ui-testing";
		};
/* End PBXNativeTarget section */

/* Begin PBXProject section */
		2191439C1CCCCD9700288901 /* Project object */ = {
			isa = PBXProject;
			attributes = {
				LastSwiftUpdateCheck = 0730;
				LastUpgradeCheck = 0730;
				ORGANIZATIONNAME = chaoyang805;
				TargetAttributes = {
					219143A31CCCCD9700288901 = {
						CreatedOnToolsVersion = 7.3;
						DevelopmentTeam = F6SWAY5599;
					};
					219143BA1CCCCD9700288901 = {
						CreatedOnToolsVersion = 7.3;
						DevelopmentTeam = F6SWAY5599;
						TestTargetID = 219143A31CCCCD9700288901;
					};
					219143C51CCCCD9700288901 = {
						CreatedOnToolsVersion = 7.3;
						DevelopmentTeam = F6SWAY5599;
						TestTargetID = 219143A31CCCCD9700288901;
					};
				};
			};
			buildConfigurationList = 2191439F1CCCCD9700288901 /* Build configuration list for PBXProject "DesignersNews" */;
			compatibilityVersion = "Xcode 3.2";
			developmentRegion = English;
			hasScannedForEncodings = 0;
			knownRegions = (
				en,
				Base,
			);
			mainGroup = 2191439B1CCCCD9700288901;
			productRefGroup = 219143A51CCCCD9700288901 /* Products */;
			projectDirPath = "";
			projectReferences = (
				{
					ProductGroup = 212213E51CF9E2E8004F7763 /* Products */;
					ProjectRef = 212213E41CF9E2E8004F7763 /* Alamofire.xcodeproj */;
				},
			);
			projectRoot = "";
			targets = (
				219143A31CCCCD9700288901 /* DesignersNews */,
				219143BA1CCCCD9700288901 /* DesignersNewsTests */,
				219143C51CCCCD9700288901 /* DesignersNewsUITests */,
			);
		};
/* End PBXProject section */

/* Begin PBXReferenceProxy section */
		212213EF1CF9E2E8004F7763 /* Alamofire.framework */ = {
			isa = PBXReferenceProxy;
			fileType = wrapper.framework;
			path = Alamofire.framework;
			remoteRef = 212213EE1CF9E2E8004F7763 /* PBXContainerItemProxy */;
			sourceTree = BUILT_PRODUCTS_DIR;
		};
		212213F11CF9E2E8004F7763 /* Alamofire iOS Tests.xctest */ = {
			isa = PBXReferenceProxy;
			fileType = wrapper.cfbundle;
			path = "Alamofire iOS Tests.xctest";
			remoteRef = 212213F01CF9E2E8004F7763 /* PBXContainerItemProxy */;
			sourceTree = BUILT_PRODUCTS_DIR;
		};
		212213F31CF9E2E8004F7763 /* Alamofire.framework */ = {
			isa = PBXReferenceProxy;
			fileType = wrapper.framework;
			path = Alamofire.framework;
			remoteRef = 212213F21CF9E2E8004F7763 /* PBXContainerItemProxy */;
			sourceTree = BUILT_PRODUCTS_DIR;
		};
		212213F51CF9E2E8004F7763 /* Alamofire OSX Tests.xctest */ = {
			isa = PBXReferenceProxy;
			fileType = wrapper.cfbundle;
			path = "Alamofire OSX Tests.xctest";
			remoteRef = 212213F41CF9E2E8004F7763 /* PBXContainerItemProxy */;
			sourceTree = BUILT_PRODUCTS_DIR;
		};
		212213F71CF9E2E8004F7763 /* Alamofire.framework */ = {
			isa = PBXReferenceProxy;
			fileType = wrapper.framework;
			path = Alamofire.framework;
			remoteRef = 212213F61CF9E2E8004F7763 /* PBXContainerItemProxy */;
			sourceTree = BUILT_PRODUCTS_DIR;
		};
		212213F91CF9E2E8004F7763 /* Alamofire tvOS Tests.xctest */ = {
			isa = PBXReferenceProxy;
			fileType = wrapper.cfbundle;
			path = "Alamofire tvOS Tests.xctest";
			remoteRef = 212213F81CF9E2E8004F7763 /* PBXContainerItemProxy */;
			sourceTree = BUILT_PRODUCTS_DIR;
		};
		212213FB1CF9E2E8004F7763 /* Alamofire.framework */ = {
			isa = PBXReferenceProxy;
			fileType = wrapper.framework;
			path = Alamofire.framework;
			remoteRef = 212213FA1CF9E2E8004F7763 /* PBXContainerItemProxy */;
			sourceTree = BUILT_PRODUCTS_DIR;
		};
/* End PBXReferenceProxy section */

/* Begin PBXResourcesBuildPhase section */
		219143A21CCCCD9700288901 /* Resources */ = {
			isa = PBXResourcesBuildPhase;
			buildActionMask = 2147483647;
			files = (
				218622041CCE55CB00DD0532 /* Info.plist in Resources */,
				219143B51CCCCD9700288901 /* LaunchScreen.storyboard in Resources */,
				219143B21CCCCD9700288901 /* Assets.xcassets in Resources */,
				219143AD1CCCCD9700288901 /* Main.storyboard in Resources */,
				218622071CCE55CB00DD0532 /* LoadingView.xib in Resources */,
			);
			runOnlyForDeploymentPostprocessing = 0;
		};
		219143B91CCCCD9700288901 /* Resources */ = {
			isa = PBXResourcesBuildPhase;
			buildActionMask = 2147483647;
			files = (
			);
			runOnlyForDeploymentPostprocessing = 0;
		};
		219143C41CCCCD9700288901 /* Resources */ = {
			isa = PBXResourcesBuildPhase;
			buildActionMask = 2147483647;
			files = (
			);
			runOnlyForDeploymentPostprocessing = 0;
		};
/* End PBXResourcesBuildPhase section */

/* Begin PBXSourcesBuildPhase section */
		219143A01CCCCD9700288901 /* Sources */ = {
			isa = PBXSourcesBuildPhase;
			buildActionMask = 2147483647;
			files = (
				218621FE1CCE55CB00DD0532 /* DesignableLabel.swift in Sources */,
				2132C1D71CF495F8006FC567 /* UIScrollView+TPKeyboardAvoidingAdditions.m in Sources */,
				21573CA51CE0D86800EC5C2A /* WebViewController.swift in Sources */,
				2186220D1CCE55CB00DD0532 /* SpringImageView.swift in Sources */,
				218621FA1CCE55CB00DD0532 /* AutoTextView.swift in Sources */,
				218622031CCE55CB00DD0532 /* ImageLoader.swift in Sources */,
				218622081CCE55CB00DD0532 /* Misc.swift in Sources */,
				2132C1D51CF495F8006FC567 /* TPKeyboardAvoidingScrollView.m in Sources */,
				2102358D1CD71A1500077067 /* LearnViewController.swift in Sources */,
				21C2EE2B1CECB06C00AC4185 /* SwiftyJSON.swift in Sources */,
				2132C1D61CF495F8006FC567 /* TPKeyboardAvoidingTableView.m in Sources */,
				2159C1361CE3702E009E0969 /* Data.swift in Sources */,
				218621FB1CCE55CB00DD0532 /* BlurView.swift in Sources */,
				2132C1D41CF495F8006FC567 /* TPKeyboardAvoidingCollectionView.m in Sources */,
				218622141CCE55CB00DD0532 /* UnwindSegue.swift in Sources */,
				218622061CCE55CB00DD0532 /* LoadingView.swift in Sources */,
				2186220F1CCE55CB00DD0532 /* SpringTextField.swift in Sources */,
				2138AE621CE219A900270757 /* StoryTableViewCell.swift in Sources */,
				212923CC1CEB65DA005CBCAE /* CommentsTableViewController.swift in Sources */,
				21573CA71CE0D88A00EC5C2A /* MenuViewController.swift in Sources */,
				2186220A1CCE55CB00DD0532 /* Spring.swift in Sources */,
				218622091CCE55CB00DD0532 /* SoundPlayer.swift in Sources */,
				218622021CCE55CB00DD0532 /* DesignableView.swift in Sources */,
				21F242761CFDD1AE0025F8CB /* LocalStore.swift in Sources */,
				213322011CD245B300463AB2 /* LoginViewController.swift in Sources */,
				218621FF1CCE55CB00DD0532 /* DesignableTabBarController.swift in Sources */,
				218621FC1CCE55CB00DD0532 /* DesignableButton.swift in Sources */,
				219143A81CCCCD9700288901 /* AppDelegate.swift in Sources */,
				218622131CCE55CB00DD0532 /* TransitionZoom.swift in Sources */,
				218622001CCE55CB00DD0532 /* DesignableTextField.swift in Sources */,
				218622121CCE55CB00DD0532 /* TransitionManager.swift in Sources */,
				2186220E1CCE55CB00DD0532 /* SpringLabel.swift in Sources */,
				212214021CF9E48A004F7763 /* DesignerNewsService.swift in Sources */,
				218621F81CCE55CB00DD0532 /* AsyncButton.swift in Sources */,
				21573CA31CE0CEDD00EC5C2A /* StoriesTableViewController.swift in Sources */,
				218621F91CCE55CB00DD0532 /* AsyncImageView.swift in Sources */,
				218622011CCE55CB00DD0532 /* DesignableTextView.swift in Sources */,
				218622111CCE55CB00DD0532 /* SpringView.swift in Sources */,
				218622101CCE55CB00DD0532 /* SpringTextView.swift in Sources */,
				218622051CCE55CB00DD0532 /* KeyboardLayoutConstraint.swift in Sources */,
				21C2EE2D1CECB4A800AC4185 /* CommentTableViewCell.swift in Sources */,
				2186220C1CCE55CB00DD0532 /* SpringButton.swift in Sources */,
				2186220B1CCE55CB00DD0532 /* SpringAnimation.swift in Sources */,
				218621FD1CCE55CB00DD0532 /* DesignableImageView.swift in Sources */,
				219143B01CCCCD9700288901 /* DesignersNews.xcdatamodeld in Sources */,
			);
			runOnlyForDeploymentPostprocessing = 0;
		};
		219143B71CCCCD9700288901 /* Sources */ = {
			isa = PBXSourcesBuildPhase;
			buildActionMask = 2147483647;
			files = (
				219143C01CCCCD9700288901 /* DesignersNewsTests.swift in Sources */,
			);
			runOnlyForDeploymentPostprocessing = 0;
		};
		219143C21CCCCD9700288901 /* Sources */ = {
			isa = PBXSourcesBuildPhase;
			buildActionMask = 2147483647;
			files = (
				219143CB1CCCCD9700288901 /* DesignersNewsUITests.swift in Sources */,
			);
			runOnlyForDeploymentPostprocessing = 0;
		};
/* End PBXSourcesBuildPhase section */

/* Begin PBXTargetDependency section */
		212213FF1CF9E32C004F7763 /* PBXTargetDependency */ = {
			isa = PBXTargetDependency;
			name = "Alamofire iOS";
			targetProxy = 212213FE1CF9E32C004F7763 /* PBXContainerItemProxy */;
		};
		219143BD1CCCCD9700288901 /* PBXTargetDependency */ = {
			isa = PBXTargetDependency;
			target = 219143A31CCCCD9700288901 /* DesignersNews */;
			targetProxy = 219143BC1CCCCD9700288901 /* PBXContainerItemProxy */;
		};
		219143C81CCCCD9700288901 /* PBXTargetDependency */ = {
			isa = PBXTargetDependency;
			target = 219143A31CCCCD9700288901 /* DesignersNews */;
			targetProxy = 219143C71CCCCD9700288901 /* PBXContainerItemProxy */;
		};
/* End PBXTargetDependency section */

/* Begin PBXVariantGroup section */
		219143AB1CCCCD9700288901 /* Main.storyboard */ = {
			isa = PBXVariantGroup;
			children = (
				219143AC1CCCCD9700288901 /* Base */,
			);
			name = Main.storyboard;
			sourceTree = "<group>";
		};
		219143B31CCCCD9700288901 /* LaunchScreen.storyboard */ = {
			isa = PBXVariantGroup;
			children = (
				219143B41CCCCD9700288901 /* Base */,
			);
			name = LaunchScreen.storyboard;
			sourceTree = "<group>";
		};
/* End PBXVariantGroup section */

/* Begin XCBuildConfiguration section */
		219143CD1CCCCD9700288901 /* Debug */ = {
			isa = XCBuildConfiguration;
			buildSettings = {
				ALWAYS_SEARCH_USER_PATHS = NO;
				CLANG_ANALYZER_NONNULL = YES;
				CLANG_CXX_LANGUAGE_STANDARD = "gnu++0x";
				CLANG_CXX_LIBRARY = "libc++";
				CLANG_ENABLE_MODULES = YES;
				CLANG_ENABLE_OBJC_ARC = YES;
				CLANG_WARN_BOOL_CONVERSION = YES;
				CLANG_WARN_CONSTANT_CONVERSION = YES;
				CLANG_WARN_DIRECT_OBJC_ISA_USAGE = YES_ERROR;
				CLANG_WARN_EMPTY_BODY = YES;
				CLANG_WARN_ENUM_CONVERSION = YES;
				CLANG_WARN_INT_CONVERSION = YES;
				CLANG_WARN_OBJC_ROOT_CLASS = YES_ERROR;
				CLANG_WARN_UNREACHABLE_CODE = YES;
				CLANG_WARN__DUPLICATE_METHOD_MATCH = YES;
				"CODE_SIGN_IDENTITY[sdk=iphoneos*]" = "iPhone Developer";
				COPY_PHASE_STRIP = NO;
				DEBUG_INFORMATION_FORMAT = dwarf;
				ENABLE_STRICT_OBJC_MSGSEND = YES;
				ENABLE_TESTABILITY = YES;
				GCC_C_LANGUAGE_STANDARD = gnu99;
				GCC_DYNAMIC_NO_PIC = NO;
				GCC_NO_COMMON_BLOCKS = YES;
				GCC_OPTIMIZATION_LEVEL = 0;
				GCC_PREPROCESSOR_DEFINITIONS = (
					"DEBUG=1",
					"$(inherited)",
				);
				GCC_WARN_64_TO_32_BIT_CONVERSION = YES;
				GCC_WARN_ABOUT_RETURN_TYPE = YES_ERROR;
				GCC_WARN_UNDECLARED_SELECTOR = YES;
				GCC_WARN_UNINITIALIZED_AUTOS = YES_AGGRESSIVE;
				GCC_WARN_UNUSED_FUNCTION = YES;
				GCC_WARN_UNUSED_VARIABLE = YES;
				IPHONEOS_DEPLOYMENT_TARGET = 9.3;
				MTL_ENABLE_DEBUG_INFO = YES;
				ONLY_ACTIVE_ARCH = YES;
				SDKROOT = iphoneos;
				SWIFT_OPTIMIZATION_LEVEL = "-Onone";
			};
			name = Debug;
		};
		219143CE1CCCCD9700288901 /* Release */ = {
			isa = XCBuildConfiguration;
			buildSettings = {
				ALWAYS_SEARCH_USER_PATHS = NO;
				CLANG_ANALYZER_NONNULL = YES;
				CLANG_CXX_LANGUAGE_STANDARD = "gnu++0x";
				CLANG_CXX_LIBRARY = "libc++";
				CLANG_ENABLE_MODULES = YES;
				CLANG_ENABLE_OBJC_ARC = YES;
				CLANG_WARN_BOOL_CONVERSION = YES;
				CLANG_WARN_CONSTANT_CONVERSION = YES;
				CLANG_WARN_DIRECT_OBJC_ISA_USAGE = YES_ERROR;
				CLANG_WARN_EMPTY_BODY = YES;
				CLANG_WARN_ENUM_CONVERSION = YES;
				CLANG_WARN_INT_CONVERSION = YES;
				CLANG_WARN_OBJC_ROOT_CLASS = YES_ERROR;
				CLANG_WARN_UNREACHABLE_CODE = YES;
				CLANG_WARN__DUPLICATE_METHOD_MATCH = YES;
				"CODE_SIGN_IDENTITY[sdk=iphoneos*]" = "iPhone Developer";
				COPY_PHASE_STRIP = NO;
				DEBUG_INFORMATION_FORMAT = "dwarf-with-dsym";
				ENABLE_NS_ASSERTIONS = NO;
				ENABLE_STRICT_OBJC_MSGSEND = YES;
				GCC_C_LANGUAGE_STANDARD = gnu99;
				GCC_NO_COMMON_BLOCKS = YES;
				GCC_WARN_64_TO_32_BIT_CONVERSION = YES;
				GCC_WARN_ABOUT_RETURN_TYPE = YES_ERROR;
				GCC_WARN_UNDECLARED_SELECTOR = YES;
				GCC_WARN_UNINITIALIZED_AUTOS = YES_AGGRESSIVE;
				GCC_WARN_UNUSED_FUNCTION = YES;
				GCC_WARN_UNUSED_VARIABLE = YES;
				IPHONEOS_DEPLOYMENT_TARGET = 9.3;
				MTL_ENABLE_DEBUG_INFO = NO;
				SDKROOT = iphoneos;
				VALIDATE_PRODUCT = YES;
			};
			name = Release;
		};
		219143D01CCCCD9700288901 /* Debug */ = {
			isa = XCBuildConfiguration;
			buildSettings = {
				ASSETCATALOG_COMPILER_APPICON_NAME = AppIcon;
				EMBEDDED_CONTENT_CONTAINS_SWIFT = YES;
				INFOPLIST_FILE = DesignersNews/Info.plist;
				LD_RUNPATH_SEARCH_PATHS = "$(inherited) @executable_path/Frameworks";
				PRODUCT_BUNDLE_IDENTIFIER = me.chaoyang805.DesignersNews;
				PRODUCT_NAME = "$(TARGET_NAME)";
			};
			name = Debug;
		};
		219143D11CCCCD9700288901 /* Release */ = {
			isa = XCBuildConfiguration;
			buildSettings = {
				ASSETCATALOG_COMPILER_APPICON_NAME = AppIcon;
				EMBEDDED_CONTENT_CONTAINS_SWIFT = YES;
				INFOPLIST_FILE = DesignersNews/Info.plist;
				LD_RUNPATH_SEARCH_PATHS = "$(inherited) @executable_path/Frameworks";
				PRODUCT_BUNDLE_IDENTIFIER = me.chaoyang805.DesignersNews;
				PRODUCT_NAME = "$(TARGET_NAME)";
			};
			name = Release;
		};
		219143D31CCCCD9700288901 /* Debug */ = {
			isa = XCBuildConfiguration;
			buildSettings = {
				BUNDLE_LOADER = "$(TEST_HOST)";
				INFOPLIST_FILE = DesignersNewsTests/Info.plist;
				LD_RUNPATH_SEARCH_PATHS = "$(inherited) @executable_path/Frameworks @loader_path/Frameworks";
				PRODUCT_BUNDLE_IDENTIFIER = me.chaoyang805.DesignersNewsTests;
				PRODUCT_NAME = "$(TARGET_NAME)";
				TEST_HOST = "$(BUILT_PRODUCTS_DIR)/DesignersNews.app/DesignersNews";
			};
			name = Debug;
		};
		219143D41CCCCD9700288901 /* Release */ = {
			isa = XCBuildConfiguration;
			buildSettings = {
				BUNDLE_LOADER = "$(TEST_HOST)";
				INFOPLIST_FILE = DesignersNewsTests/Info.plist;
				LD_RUNPATH_SEARCH_PATHS = "$(inherited) @executable_path/Frameworks @loader_path/Frameworks";
				PRODUCT_BUNDLE_IDENTIFIER = me.chaoyang805.DesignersNewsTests;
				PRODUCT_NAME = "$(TARGET_NAME)";
				TEST_HOST = "$(BUILT_PRODUCTS_DIR)/DesignersNews.app/DesignersNews";
			};
			name = Release;
		};
		219143D61CCCCD9700288901 /* Debug */ = {
			isa = XCBuildConfiguration;
			buildSettings = {
				INFOPLIST_FILE = DesignersNewsUITests/Info.plist;
				LD_RUNPATH_SEARCH_PATHS = "$(inherited) @executable_path/Frameworks @loader_path/Frameworks";
				PRODUCT_BUNDLE_IDENTIFIER = me.chaoyang805.DesignersNewsUITests;
				PRODUCT_NAME = "$(TARGET_NAME)";
				TEST_TARGET_NAME = DesignersNews;
			};
			name = Debug;
		};
		219143D71CCCCD9700288901 /* Release */ = {
			isa = XCBuildConfiguration;
			buildSettings = {
				INFOPLIST_FILE = DesignersNewsUITests/Info.plist;
				LD_RUNPATH_SEARCH_PATHS = "$(inherited) @executable_path/Frameworks @loader_path/Frameworks";
				PRODUCT_BUNDLE_IDENTIFIER = me.chaoyang805.DesignersNewsUITests;
				PRODUCT_NAME = "$(TARGET_NAME)";
				TEST_TARGET_NAME = DesignersNews;
			};
			name = Release;
		};
/* End XCBuildConfiguration section */

/* Begin XCConfigurationList section */
		2191439F1CCCCD9700288901 /* Build configuration list for PBXProject "DesignersNews" */ = {
			isa = XCConfigurationList;
			buildConfigurations = (
				219143CD1CCCCD9700288901 /* Debug */,
				219143CE1CCCCD9700288901 /* Release */,
			);
			defaultConfigurationIsVisible = 0;
			defaultConfigurationName = Release;
		};
		219143CF1CCCCD9700288901 /* Build configuration list for PBXNativeTarget "DesignersNews" */ = {
			isa = XCConfigurationList;
			buildConfigurations = (
				219143D01CCCCD9700288901 /* Debug */,
				219143D11CCCCD9700288901 /* Release */,
			);
			defaultConfigurationIsVisible = 0;
			defaultConfigurationName = Release;
		};
		219143D21CCCCD9700288901 /* Build configuration list for PBXNativeTarget "DesignersNewsTests" */ = {
			isa = XCConfigurationList;
			buildConfigurations = (
				219143D31CCCCD9700288901 /* Debug */,
				219143D41CCCCD9700288901 /* Release */,
			);
			defaultConfigurationIsVisible = 0;
			defaultConfigurationName = Release;
		};
		219143D51CCCCD9700288901 /* Build configuration list for PBXNativeTarget "DesignersNewsUITests" */ = {
			isa = XCConfigurationList;
			buildConfigurations = (
				219143D61CCCCD9700288901 /* Debug */,
				219143D71CCCCD9700288901 /* Release */,
			);
			defaultConfigurationIsVisible = 0;
			defaultConfigurationName = Release;
		};
/* End XCConfigurationList section */

/* Begin XCVersionGroup section */
		219143AE1CCCCD9700288901 /* DesignersNews.xcdatamodeld */ = {
			isa = XCVersionGroup;
			children = (
				219143AF1CCCCD9700288901 /* DesignersNews.xcdatamodel */,
			);
			currentVersion = 219143AF1CCCCD9700288901 /* DesignersNews.xcdatamodel */;
			path = DesignersNews.xcdatamodeld;
			sourceTree = "<group>";
			versionGroupType = wrapper.xcdatamodel;
		};
/* End XCVersionGroup section */
	};
	rootObject = 2191439C1CCCCD9700288901 /* Project object */;
}
